
Microsoft Visual Studio Solution File, Format Version 12.00
# Visual Studio 15
VisualStudioVersion = 15.0.26124.0
MinimumVisualStudioVersion = 15.0.26124.0
Project("{2150E333-8FDC-42A3-9474-1A3956D46DE8}") = "src", "src", "{E0B4B9AD-5974-42FC-9322-CA065A29F723}"
EndProject
Project("{FAE04EC0-301F-11D3-BF4B-00C04F79EFBC}") = "PB.ITOps.AspNetCore.Versioning", "src\PB.ITOps.AspNetCore.Versioning\PB.ITOps.AspNetCore.Versioning.csproj", "{C0F2D747-DEEC-4807-857D-F5DD0AF007A3}"
EndProject
Project("{FAE04EC0-301F-11D3-BF4B-00C04F79EFBC}") = "PB.ITOps.AspNetCore.Versioning.Tests", "test\PB.ITOps.AspNetCore.Versioning.Tests\PB.ITOps.AspNetCore.Versioning.Tests.csproj", "{9256D9D4-4F30-4BC7-9674-918635473B61}"
EndProject
Project("{2150E333-8FDC-42A3-9474-1A3956D46DE8}") = "test", "test", "{63871462-BD19-40A7-93E3-A7A1EF6E5BD0}"
EndProject
Project("{2150E333-8FDC-42A3-9474-1A3956D46DE8}") = "examples", "examples", "{D233DD2D-6C33-4522-9DE5-F9F5901CAD94}"
EndProject
Project("{2150E333-8FDC-42A3-9474-1A3956D46DE8}") = "docs", "docs", "{AAA41F07-0DBA-41C5-A0DA-31E2E6DFF186}"
ProjectSection(SolutionItems) = preProject
	README.md = README.md
	LICENSE = LICENSE
EndProjectSection
EndProject
Project("{FAE04EC0-301F-11D3-BF4B-00C04F79EFBC}") = "ApiVersioningExample", "examples\ApiVersioningExample\ApiVersioningExample.csproj", "{590C81B7-95BB-4F3D-9CB3-1D68783EDBEF}"
EndProject
Global
	GlobalSection(SolutionConfigurationPlatforms) = preSolution
		Debug|Any CPU = Debug|Any CPU
		Debug|x64 = Debug|x64
		Debug|x86 = Debug|x86
		Release|Any CPU = Release|Any CPU
		Release|x64 = Release|x64
		Release|x86 = Release|x86
	EndGlobalSection
	GlobalSection(SolutionProperties) = preSolution
		HideSolutionNode = FALSE
	EndGlobalSection
	GlobalSection(ProjectConfigurationPlatforms) = postSolution
		{C0F2D747-DEEC-4807-857D-F5DD0AF007A3}.Debug|Any CPU.ActiveCfg = Debug|Any CPU
		{C0F2D747-DEEC-4807-857D-F5DD0AF007A3}.Debug|Any CPU.Build.0 = Debug|Any CPU
		{C0F2D747-DEEC-4807-857D-F5DD0AF007A3}.Debug|x64.ActiveCfg = Debug|Any CPU
		{C0F2D747-DEEC-4807-857D-F5DD0AF007A3}.Debug|x64.Build.0 = Debug|Any CPU
		{C0F2D747-DEEC-4807-857D-F5DD0AF007A3}.Debug|x86.ActiveCfg = Debug|Any CPU
		{C0F2D747-DEEC-4807-857D-F5DD0AF007A3}.Debug|x86.Build.0 = Debug|Any CPU
		{C0F2D747-DEEC-4807-857D-F5DD0AF007A3}.Release|Any CPU.ActiveCfg = Release|Any CPU
		{C0F2D747-DEEC-4807-857D-F5DD0AF007A3}.Release|Any CPU.Build.0 = Release|Any CPU
		{C0F2D747-DEEC-4807-857D-F5DD0AF007A3}.Release|x64.ActiveCfg = Release|Any CPU
		{C0F2D747-DEEC-4807-857D-F5DD0AF007A3}.Release|x64.Build.0 = Release|Any CPU
		{C0F2D747-DEEC-4807-857D-F5DD0AF007A3}.Release|x86.ActiveCfg = Release|Any CPU
		{C0F2D747-DEEC-4807-857D-F5DD0AF007A3}.Release|x86.Build.0 = Release|Any CPU
		{9256D9D4-4F30-4BC7-9674-918635473B61}.Debug|Any CPU.ActiveCfg = Debug|Any CPU
		{9256D9D4-4F30-4BC7-9674-918635473B61}.Debug|Any CPU.Build.0 = Debug|Any CPU
		{9256D9D4-4F30-4BC7-9674-918635473B61}.Debug|x64.ActiveCfg = Debug|Any CPU
		{9256D9D4-4F30-4BC7-9674-918635473B61}.Debug|x64.Build.0 = Debug|Any CPU
		{9256D9D4-4F30-4BC7-9674-918635473B61}.Debug|x86.ActiveCfg = Debug|Any CPU
		{9256D9D4-4F30-4BC7-9674-918635473B61}.Debug|x86.Build.0 = Debug|Any CPU
		{9256D9D4-4F30-4BC7-9674-918635473B61}.Release|Any CPU.ActiveCfg = Release|Any CPU
		{9256D9D4-4F30-4BC7-9674-918635473B61}.Release|Any CPU.Build.0 = Release|Any CPU
		{9256D9D4-4F30-4BC7-9674-918635473B61}.Release|x64.ActiveCfg = Release|Any CPU
		{9256D9D4-4F30-4BC7-9674-918635473B61}.Release|x64.Build.0 = Release|Any CPU
		{9256D9D4-4F30-4BC7-9674-918635473B61}.Release|x86.ActiveCfg = Release|Any CPU
		{9256D9D4-4F30-4BC7-9674-918635473B61}.Release|x86.Build.0 = Release|Any CPU
		{590C81B7-95BB-4F3D-9CB3-1D68783EDBEF}.Debug|Any CPU.ActiveCfg = Debug|Any CPU
		{590C81B7-95BB-4F3D-9CB3-1D68783EDBEF}.Debug|Any CPU.Build.0 = Debug|Any CPU
		{590C81B7-95BB-4F3D-9CB3-1D68783EDBEF}.Debug|x64.ActiveCfg = Debug|Any CPU
		{590C81B7-95BB-4F3D-9CB3-1D68783EDBEF}.Debug|x64.Build.0 = Debug|Any CPU
		{590C81B7-95BB-4F3D-9CB3-1D68783EDBEF}.Debug|x86.ActiveCfg = Debug|Any CPU
		{590C81B7-95BB-4F3D-9CB3-1D68783EDBEF}.Debug|x86.Build.0 = Debug|Any CPU
		{590C81B7-95BB-4F3D-9CB3-1D68783EDBEF}.Release|Any CPU.ActiveCfg = Release|Any CPU
		{590C81B7-95BB-4F3D-9CB3-1D68783EDBEF}.Release|Any CPU.Build.0 = Release|Any CPU
		{590C81B7-95BB-4F3D-9CB3-1D68783EDBEF}.Release|x64.ActiveCfg = Release|Any CPU
		{590C81B7-95BB-4F3D-9CB3-1D68783EDBEF}.Release|x64.Build.0 = Release|Any CPU
		{590C81B7-95BB-4F3D-9CB3-1D68783EDBEF}.Release|x86.ActiveCfg = Release|Any CPU
		{590C81B7-95BB-4F3D-9CB3-1D68783EDBEF}.Release|x86.Build.0 = Release|Any CPU
	EndGlobalSection
	GlobalSection(NestedProjects) = preSolution
		{C0F2D747-DEEC-4807-857D-F5DD0AF007A3} = {E0B4B9AD-5974-42FC-9322-CA065A29F723}
		{9256D9D4-4F30-4BC7-9674-918635473B61} = {63871462-BD19-40A7-93E3-A7A1EF6E5BD0}
		{590C81B7-95BB-4F3D-9CB3-1D68783EDBEF} = {D233DD2D-6C33-4522-9DE5-F9F5901CAD94}
	EndGlobalSection
EndGlobal
